
Microsoft Visual Studio Solution File, Format Version 12.00
# Visual Studio Version 16
VisualStudioVersion = 16.0.29613.14
MinimumVisualStudioVersion = 10.0.40219.1
Project("{FAE04EC0-301F-11D3-BF4B-00C04F79EFBC}") = "ShibaShop", "ShibaShop\ShibaShop.csproj", "{737FF553-AAD3-4CA5-8A6E-592B00EB71BE}"
EndProject
Global
	GlobalSection(SolutionConfigurationPlatforms) = preSolution
		Debug|Any CPU = Debug|Any CPU
		Release|Any CPU = Release|Any CPU
	EndGlobalSection
	GlobalSection(ProjectConfigurationPlatforms) = postSolution
		{737FF553-AAD3-4CA5-8A6E-592B00EB71BE}.Debug|Any CPU.ActiveCfg = Debug|Any CPU
		{737FF553-AAD3-4CA5-8A6E-592B00EB71BE}.Debug|Any CPU.Build.0 = Debug|Any CPU
		{737FF553-AAD3-4CA5-8A6E-592B00EB71BE}.Release|Any CPU.ActiveCfg = Release|Any CPU
		{737FF553-AAD3-4CA5-8A6E-592B00EB71BE}.Release|Any CPU.Build.0 = Release|Any CPU
	EndGlobalSection
	GlobalSection(SolutionProperties) = preSolution
		HideSolutionNode = FALSE
	EndGlobalSection
	GlobalSection(ExtensibilityGlobals) = postSolution
		SolutionGuid = {02275B08-A14C-46F4-92D2-DB926D9A581A}
	EndGlobalSection
EndGlobal
